// !$*UTF8*$!
{
	archiveVersion = 1;
	classes = {
	};
	objectVersion = 77;
	objects = {

/* Begin PBXBuildFile section */
		0B40049C2440D677338FE301 /* ContentView.swift in Sources */ = {isa = PBXBuildFile; fileRef = 2AB92E272687221B6BEE64B1 /* ContentView.swift */; };
		1828C8976EB0DD8023057E03 /* replay_expected.json in Resources */ = {isa = PBXBuildFile; fileRef = 8DEC815A724E0702C9E8EC7B /* replay_expected.json */; };
		197A06403B8311B89F11D4D6 /* SpeedConsumerTests.swift in Sources */ = {isa = PBXBuildFile; fileRef = 7AFD1E3971781FBA2D203E7C /* SpeedConsumerTests.swift */; };
		1F69E46C3D85B97143F1A3FF /* AssetStore.swift in Sources */ = {isa = PBXBuildFile; fileRef = FB9DAD9053AB3234DEB88DBA /* AssetStore.swift */; };
		260CAE5EB44878D86FBB618F /* SpeedConsumerAppDelegate.swift in Sources */ = {isa = PBXBuildFile; fileRef = 08D3FBD69E8CB7066027FB18 /* SpeedConsumerAppDelegate.swift */; };
		35E914FB03BBE6F83A65936F /* V3BundleManager.swift in Sources */ = {isa = PBXBuildFile; fileRef = 264903C5CD98D68477E8823C /* V3BundleManager.swift */; };
		4321EC89B5A58770BA59EA04 /* speeds_v3.sqlite in Resources */ = {isa = PBXBuildFile; fileRef = ED688E4FB2AFE37C52CDB666 /* speeds_v3.sqlite */; };
		48A333119998BC7A7EE86F1B /* V3SpeedLimitService.swift in Sources */ = {isa = PBXBuildFile; fileRef = 103271F42FCA6C4AA0178AFB /* V3SpeedLimitService.swift */; };
		548B98D7421B783B3A752FFA /* SpeedDBBenchUITests.swift in Sources */ = {isa = PBXBuildFile; fileRef = A1519C4C82CCE22AD1E51AFC /* SpeedDBBenchUITests.swift */; };
		5D1CD363DA0827B1B41B087B /* Assets.xcassets in Resources */ = {isa = PBXBuildFile; fileRef = 734BE1C063C1A673E23AE2B7 /* Assets.xcassets */; };
		63A1FDBA6F50BAF6E0D5A450 /* replay_track.kml in Resources */ = {isa = PBXBuildFile; fileRef = 9555D2DA081CCC7879470683 /* replay_track.kml */; };
		7006E9AACC2D0E6939BEB8F9 /* SpeedDBBenchApp.swift in Sources */ = {isa = PBXBuildFile; fileRef = AA6714BC0E2B255C7AB5618D /* SpeedDBBenchApp.swift */; };
		83D2D9CBFC7A54D8A7C7DC9B /* SpeedDBBenchTests.swift in Sources */ = {isa = PBXBuildFile; fileRef = 485C60A9FAC79B491934A959 /* SpeedDBBenchTests.swift */; };
		878689594342A86DB1E298E9 /* speeds_v3.sqlite in Resources */ = {isa = PBXBuildFile; fileRef = 53F856F2EFF21C867259B174 /* speeds_v3.sqlite */; };
		8F6CA29E60F49D9477F26E88 /* ConsumerModels.swift in Sources */ = {isa = PBXBuildFile; fileRef = 50DFC9695D5BC8CA1E3F2976 /* ConsumerModels.swift */; };
		90E6AA8C6EAA235DF5279794 /* BackgroundDownloadCenter.swift in Sources */ = {isa = PBXBuildFile; fileRef = 4C1D195FA30679288FABB9AA /* BackgroundDownloadCenter.swift */; };
		A9CD097291558EA2F59DA0D8 /* speeds_v4.sqlite in Resources */ = {isa = PBXBuildFile; fileRef = 9128310D0B90BD0763CD6509 /* speeds_v4.sqlite */; };
		B5530C9955E710BAEA5A27DD /* DriveSessionViewModel.swift in Sources */ = {isa = PBXBuildFile; fileRef = BCE83EC19C3249E6BEB88E3D /* DriveSessionViewModel.swift */; };
		C3883B48011E83773BC9DE9C /* BenchmarkModels.swift in Sources */ = {isa = PBXBuildFile; fileRef = D8DFC5BD5228D3BD65AEC1F7 /* BenchmarkModels.swift */; };
		CC4EA803C4F7EFEBAA1DB1EE /* replay_track.gpx in Resources */ = {isa = PBXBuildFile; fileRef = AD0551D5A2A80CF4977A8C71 /* replay_track.gpx */; };
		DB637F1F956128BA7B69264C /* SQLiteBenchmarkRunner.swift in Sources */ = {isa = PBXBuildFile; fileRef = FA7B3A780871037A868C74EA /* SQLiteBenchmarkRunner.swift */; };
		F3CE32AE6AF26C94C7E0239E /* ContentView.swift in Sources */ = {isa = PBXBuildFile; fileRef = 02B5CC64873BE8B0371304BC /* ContentView.swift */; };
		F5FB0BA9CF92051C17E8285A /* SpeedConsumerApp.swift in Sources */ = {isa = PBXBuildFile; fileRef = 4BE51D1D2475550C6B5CBBC6 /* SpeedConsumerApp.swift */; };
/* End PBXBuildFile section */

/* Begin PBXContainerItemProxy section */
		45D9B23C7AE04B1C24431C95 /* PBXContainerItemProxy */ = {
			isa = PBXContainerItemProxy;
			containerPortal = 15731F4FC38E207B32918BE3 /* Project object */;
			proxyType = 1;
			remoteGlobalIDString = D578EAD00603963ADC4656D4;
			remoteInfo = SpeedConsumer;
		};
		6885830C0A007760D5066E30 /* PBXContainerItemProxy */ = {
			isa = PBXContainerItemProxy;
			containerPortal = 15731F4FC38E207B32918BE3 /* Project object */;
			proxyType = 1;
			remoteGlobalIDString = 66DD0F1FD88DC5377112DF40;
			remoteInfo = SpeedDBBench;
		};
		6A9E8B5EFD402C8E1E3FAAED /* PBXContainerItemProxy */ = {
			isa = PBXContainerItemProxy;
			containerPortal = 15731F4FC38E207B32918BE3 /* Project object */;
			proxyType = 1;
			remoteGlobalIDString = 66DD0F1FD88DC5377112DF40;
			remoteInfo = SpeedDBBench;
		};
/* End PBXContainerItemProxy section */

/* Begin PBXFileReference section */
		02B5CC64873BE8B0371304BC /* ContentView.swift */ = {isa = PBXFileReference; lastKnownFileType = sourcecode.swift; path = ContentView.swift; sourceTree = "<group>"; };
		08D3FBD69E8CB7066027FB18 /* SpeedConsumerAppDelegate.swift */ = {isa = PBXFileReference; lastKnownFileType = sourcecode.swift; path = SpeedConsumerAppDelegate.swift; sourceTree = "<group>"; };
		103271F42FCA6C4AA0178AFB /* V3SpeedLimitService.swift */ = {isa = PBXFileReference; lastKnownFileType = sourcecode.swift; path = V3SpeedLimitService.swift; sourceTree = "<group>"; };
		264903C5CD98D68477E8823C /* V3BundleManager.swift */ = {isa = PBXFileReference; lastKnownFileType = sourcecode.swift; path = V3BundleManager.swift; sourceTree = "<group>"; };
		2AB92E272687221B6BEE64B1 /* ContentView.swift */ = {isa = PBXFileReference; lastKnownFileType = sourcecode.swift; path = ContentView.swift; sourceTree = "<group>"; };
		2FDCAD97D5DBC71DEBDC7D35 /* SpeedDBBench.app */ = {isa = PBXFileReference; includeInIndex = 0; lastKnownFileType = wrapper.application; path = SpeedDBBench.app; sourceTree = BUILT_PRODUCTS_DIR; };
		485C60A9FAC79B491934A959 /* SpeedDBBenchTests.swift */ = {isa = PBXFileReference; lastKnownFileType = sourcecode.swift; path = SpeedDBBenchTests.swift; sourceTree = "<group>"; };
		4BE51D1D2475550C6B5CBBC6 /* SpeedConsumerApp.swift */ = {isa = PBXFileReference; lastKnownFileType = sourcecode.swift; path = SpeedConsumerApp.swift; sourceTree = "<group>"; };
		4C1D195FA30679288FABB9AA /* BackgroundDownloadCenter.swift */ = {isa = PBXFileReference; lastKnownFileType = sourcecode.swift; path = BackgroundDownloadCenter.swift; sourceTree = "<group>"; };
		50DFC9695D5BC8CA1E3F2976 /* ConsumerModels.swift */ = {isa = PBXFileReference; lastKnownFileType = sourcecode.swift; path = ConsumerModels.swift; sourceTree = "<group>"; };
		53F856F2EFF21C867259B174 /* speeds_v3.sqlite */ = {isa = PBXFileReference; lastKnownFileType = file; path = speeds_v3.sqlite; sourceTree = "<group>"; };
		5749BF3469AD1328573C4223 /* SpeedDBBenchUITests.xctest */ = {isa = PBXFileReference; includeInIndex = 0; lastKnownFileType = wrapper.cfbundle; path = SpeedDBBenchUITests.xctest; sourceTree = BUILT_PRODUCTS_DIR; };
		734BE1C063C1A673E23AE2B7 /* Assets.xcassets */ = {isa = PBXFileReference; lastKnownFileType = folder.assetcatalog; path = Assets.xcassets; sourceTree = "<group>"; };
		7AFD1E3971781FBA2D203E7C /* SpeedConsumerTests.swift */ = {isa = PBXFileReference; lastKnownFileType = sourcecode.swift; path = SpeedConsumerTests.swift; sourceTree = "<group>"; };
		842C85ABC573B8DFE3005109 /* SpeedDBBenchTests.xctest */ = {isa = PBXFileReference; includeInIndex = 0; lastKnownFileType = wrapper.cfbundle; path = SpeedDBBenchTests.xctest; sourceTree = BUILT_PRODUCTS_DIR; };
		8DEC815A724E0702C9E8EC7B /* replay_expected.json */ = {isa = PBXFileReference; lastKnownFileType = text.json; path = replay_expected.json; sourceTree = "<group>"; };
		9128310D0B90BD0763CD6509 /* speeds_v4.sqlite */ = {isa = PBXFileReference; lastKnownFileType = file; path = speeds_v4.sqlite; sourceTree = "<group>"; };
		9555D2DA081CCC7879470683 /* replay_track.kml */ = {isa = PBXFileReference; path = replay_track.kml; sourceTree = "<group>"; };
		A1519C4C82CCE22AD1E51AFC /* SpeedDBBenchUITests.swift */ = {isa = PBXFileReference; lastKnownFileType = sourcecode.swift; path = SpeedDBBenchUITests.swift; sourceTree = "<group>"; };
		AA6714BC0E2B255C7AB5618D /* SpeedDBBenchApp.swift */ = {isa = PBXFileReference; lastKnownFileType = sourcecode.swift; path = SpeedDBBenchApp.swift; sourceTree = "<group>"; };
		AD0551D5A2A80CF4977A8C71 /* replay_track.gpx */ = {isa = PBXFileReference; lastKnownFileType = text.xml; path = replay_track.gpx; sourceTree = "<group>"; };
		BCE83EC19C3249E6BEB88E3D /* DriveSessionViewModel.swift */ = {isa = PBXFileReference; lastKnownFileType = sourcecode.swift; path = DriveSessionViewModel.swift; sourceTree = "<group>"; };
		C30AA5A019882EBB0B4B0DA3 /* SpeedConsumer.app */ = {isa = PBXFileReference; includeInIndex = 0; lastKnownFileType = wrapper.application; path = SpeedConsumer.app; sourceTree = BUILT_PRODUCTS_DIR; };
		D8DFC5BD5228D3BD65AEC1F7 /* BenchmarkModels.swift */ = {isa = PBXFileReference; lastKnownFileType = sourcecode.swift; path = BenchmarkModels.swift; sourceTree = "<group>"; };
		ED688E4FB2AFE37C52CDB666 /* speeds_v3.sqlite */ = {isa = PBXFileReference; lastKnownFileType = file; path = speeds_v3.sqlite; sourceTree = "<group>"; };
		F0573EE16EFF1B84A789F493 /* SpeedConsumerTests.xctest */ = {isa = PBXFileReference; includeInIndex = 0; lastKnownFileType = wrapper.cfbundle; path = SpeedConsumerTests.xctest; sourceTree = BUILT_PRODUCTS_DIR; };
		FA7B3A780871037A868C74EA /* SQLiteBenchmarkRunner.swift */ = {isa = PBXFileReference; lastKnownFileType = sourcecode.swift; path = SQLiteBenchmarkRunner.swift; sourceTree = "<group>"; };
		FB9DAD9053AB3234DEB88DBA /* AssetStore.swift */ = {isa = PBXFileReference; lastKnownFileType = sourcecode.swift; path = AssetStore.swift; sourceTree = "<group>"; };
/* End PBXFileReference section */

/* Begin PBXGroup section */
		014723ABB9088B389ACA00C0 /* SpeedConsumerApp */ = {
			isa = PBXGroup;
			children = (
				734BE1C063C1A673E23AE2B7 /* Assets.xcassets */,
				4C1D195FA30679288FABB9AA /* BackgroundDownloadCenter.swift */,
				50DFC9695D5BC8CA1E3F2976 /* ConsumerModels.swift */,
				02B5CC64873BE8B0371304BC /* ContentView.swift */,
				BCE83EC19C3249E6BEB88E3D /* DriveSessionViewModel.swift */,
				4BE51D1D2475550C6B5CBBC6 /* SpeedConsumerApp.swift */,
				08D3FBD69E8CB7066027FB18 /* SpeedConsumerAppDelegate.swift */,
				7AFD1E3971781FBA2D203E7C /* SpeedConsumerTests.swift */,
				ED688E4FB2AFE37C52CDB666 /* speeds_v3.sqlite */,
				264903C5CD98D68477E8823C /* V3BundleManager.swift */,
				103271F42FCA6C4AA0178AFB /* V3SpeedLimitService.swift */,
				B95260E15C226751CF07F73D /* TestFixtures */,
			);
			path = SpeedConsumerApp;
			sourceTree = "<group>";
		};
		9E0A059C30F17B74A1D5FE9B /* Products */ = {
			isa = PBXGroup;
			children = (
				C30AA5A019882EBB0B4B0DA3 /* SpeedConsumer.app */,
				F0573EE16EFF1B84A789F493 /* SpeedConsumerTests.xctest */,
				2FDCAD97D5DBC71DEBDC7D35 /* SpeedDBBench.app */,
				842C85ABC573B8DFE3005109 /* SpeedDBBenchTests.xctest */,
				5749BF3469AD1328573C4223 /* SpeedDBBenchUITests.xctest */,
			);
			name = Products;
			sourceTree = "<group>";
		};
		B95260E15C226751CF07F73D /* TestFixtures */ = {
			isa = PBXGroup;
			children = (
				8DEC815A724E0702C9E8EC7B /* replay_expected.json */,
				AD0551D5A2A80CF4977A8C71 /* replay_track.gpx */,
				9555D2DA081CCC7879470683 /* replay_track.kml */,
			);
			path = TestFixtures;
			sourceTree = "<group>";
		};
		CE9EF29A9B1F39954798C430 = {
			isa = PBXGroup;
			children = (
				014723ABB9088B389ACA00C0 /* SpeedConsumerApp */,
				E7169947AB363CCD46781CC9 /* SpeedDBBenchSketch */,
				9E0A059C30F17B74A1D5FE9B /* Products */,
			);
			sourceTree = "<group>";
		};
		E7169947AB363CCD46781CC9 /* SpeedDBBenchSketch */ = {
			isa = PBXGroup;
			children = (
				FB9DAD9053AB3234DEB88DBA /* AssetStore.swift */,
				D8DFC5BD5228D3BD65AEC1F7 /* BenchmarkModels.swift */,
				2AB92E272687221B6BEE64B1 /* ContentView.swift */,
				AA6714BC0E2B255C7AB5618D /* SpeedDBBenchApp.swift */,
				485C60A9FAC79B491934A959 /* SpeedDBBenchTests.swift */,
				A1519C4C82CCE22AD1E51AFC /* SpeedDBBenchUITests.swift */,
				53F856F2EFF21C867259B174 /* speeds_v3.sqlite */,
				9128310D0B90BD0763CD6509 /* speeds_v4.sqlite */,
				FA7B3A780871037A868C74EA /* SQLiteBenchmarkRunner.swift */,
			);
			path = SpeedDBBenchSketch;
			sourceTree = "<group>";
		};
/* End PBXGroup section */

/* Begin PBXNativeTarget section */
		0A786A9BBC0984CC419D8621 /* SpeedDBBenchTests */ = {
			isa = PBXNativeTarget;
			buildConfigurationList = 165A7CDA3E5BB62FC294EDBD /* Build configuration list for PBXNativeTarget "SpeedDBBenchTests" */;
			buildPhases = (
				EB4906AAA8AAA5C6F7C659BE /* Sources */,
			);
			buildRules = (
			);
			dependencies = (
				0264296DFCF2CD80878BB6C1 /* PBXTargetDependency */,
			);
			name = SpeedDBBenchTests;
			packageProductDependencies = (
			);
			productName = SpeedDBBenchTests;
			productReference = 842C85ABC573B8DFE3005109 /* SpeedDBBenchTests.xctest */;
			productType = "com.apple.product-type.bundle.unit-test";
		};
		2DF2E7D828D4D2E4D2090029 /* SpeedDBBenchUITests */ = {
			isa = PBXNativeTarget;
			buildConfigurationList = 5BA19020944F077C3AF5DD70 /* Build configuration list for PBXNativeTarget "SpeedDBBenchUITests" */;
			buildPhases = (
				CF19E61DD4F93682419B9B9A /* Sources */,
			);
			buildRules = (
			);
			dependencies = (
				2CF1C8547C2D6CEDCFE211D5 /* PBXTargetDependency */,
			);
			name = SpeedDBBenchUITests;
			packageProductDependencies = (
			);
			productName = SpeedDBBenchUITests;
			productReference = 5749BF3469AD1328573C4223 /* SpeedDBBenchUITests.xctest */;
			productType = "com.apple.product-type.bundle.ui-testing";
		};
		66DD0F1FD88DC5377112DF40 /* SpeedDBBench */ = {
			isa = PBXNativeTarget;
			buildConfigurationList = 308A5A11BD473EE85D1DA36A /* Build configuration list for PBXNativeTarget "SpeedDBBench" */;
			buildPhases = (
				E306782292B9C992FD3462A9 /* Sources */,
				F749E713C28565F9ECB149DD /* Resources */,
			);
			buildRules = (
			);
			dependencies = (
			);
			name = SpeedDBBench;
			packageProductDependencies = (
			);
			productName = SpeedDBBench;
			productReference = 2FDCAD97D5DBC71DEBDC7D35 /* SpeedDBBench.app */;
			productType = "com.apple.product-type.application";
		};
		D578EAD00603963ADC4656D4 /* SpeedConsumer */ = {
			isa = PBXNativeTarget;
			buildConfigurationList = 3A7AC18D607C4D044195A90A /* Build configuration list for PBXNativeTarget "SpeedConsumer" */;
			buildPhases = (
				9CDD076D821987C8D704F332 /* Sources */,
				BCB93BC405FA3D80B8DC3303 /* Resources */,
			);
			buildRules = (
			);
			dependencies = (
			);
			name = SpeedConsumer;
			packageProductDependencies = (
			);
			productName = SpeedConsumer;
			productReference = C30AA5A019882EBB0B4B0DA3 /* SpeedConsumer.app */;
			productType = "com.apple.product-type.application";
		};
		F0D9CF38B4EDF73811C68270 /* SpeedConsumerTests */ = {
			isa = PBXNativeTarget;
			buildConfigurationList = 19CFBE68E9697E1F8FB8DDE8 /* Build configuration list for PBXNativeTarget "SpeedConsumerTests" */;
			buildPhases = (
				C8A65BCC3EA0829CC96A487C /* Sources */,
				3A131D84678494BF7F050E24 /* Resources */,
			);
			buildRules = (
			);
			dependencies = (
				8E96064FD444CB98BA146A10 /* PBXTargetDependency */,
			);
			name = SpeedConsumerTests;
			packageProductDependencies = (
			);
			productName = SpeedConsumerTests;
			productReference = F0573EE16EFF1B84A789F493 /* SpeedConsumerTests.xctest */;
			productType = "com.apple.product-type.bundle.unit-test";
		};
/* End PBXNativeTarget section */

/* Begin PBXProject section */
		15731F4FC38E207B32918BE3 /* Project object */ = {
			isa = PBXProject;
			attributes = {
				BuildIndependentTargetsInParallel = YES;
				LastUpgradeCheck = 1500;
				TargetAttributes = {
					0A786A9BBC0984CC419D8621 = {
						DevelopmentTeam = F4CT29PZS5;
						ProvisioningStyle = Automatic;
					};
					2DF2E7D828D4D2E4D2090029 = {
						DevelopmentTeam = F4CT29PZS5;
						ProvisioningStyle = Automatic;
						TestTargetID = 66DD0F1FD88DC5377112DF40;
					};
					66DD0F1FD88DC5377112DF40 = {
						DevelopmentTeam = F4CT29PZS5;
						ProvisioningStyle = Automatic;
					};
					D578EAD00603963ADC4656D4 = {
						DevelopmentTeam = F4CT29PZS5;
						ProvisioningStyle = Automatic;
					};
					F0D9CF38B4EDF73811C68270 = {
						DevelopmentTeam = F4CT29PZS5;
						ProvisioningStyle = Automatic;
					};
				};
			};
			buildConfigurationList = 84FB42613A1540C5F99D4F4B /* Build configuration list for PBXProject "SpeedDBBench" */;
			compatibilityVersion = "Xcode 14.0";
			developmentRegion = en;
			hasScannedForEncodings = 0;
			knownRegions = (
				Base,
				en,
			);
			mainGroup = CE9EF29A9B1F39954798C430;
			minimizedProjectReferenceProxies = 1;
			preferredProjectObjectVersion = 77;
			projectDirPath = "";
			projectRoot = "";
			targets = (
				D578EAD00603963ADC4656D4 /* SpeedConsumer */,
				F0D9CF38B4EDF73811C68270 /* SpeedConsumerTests */,
				66DD0F1FD88DC5377112DF40 /* SpeedDBBench */,
				0A786A9BBC0984CC419D8621 /* SpeedDBBenchTests */,
				2DF2E7D828D4D2E4D2090029 /* SpeedDBBenchUITests */,
			);
		};
/* End PBXProject section */

/* Begin PBXResourcesBuildPhase section */
		3A131D84678494BF7F050E24 /* Resources */ = {
			isa = PBXResourcesBuildPhase;
			buildActionMask = 2147483647;
			files = (
				1828C8976EB0DD8023057E03 /* replay_expected.json in Resources */,
				CC4EA803C4F7EFEBAA1DB1EE /* replay_track.gpx in Resources */,
				63A1FDBA6F50BAF6E0D5A450 /* replay_track.kml in Resources */,
			);
			runOnlyForDeploymentPostprocessing = 0;
		};
		BCB93BC405FA3D80B8DC3303 /* Resources */ = {
			isa = PBXResourcesBuildPhase;
			buildActionMask = 2147483647;
			files = (
				5D1CD363DA0827B1B41B087B /* Assets.xcassets in Resources */,
				4321EC89B5A58770BA59EA04 /* speeds_v3.sqlite in Resources */,
			);
			runOnlyForDeploymentPostprocessing = 0;
		};
		F749E713C28565F9ECB149DD /* Resources */ = {
			isa = PBXResourcesBuildPhase;
			buildActionMask = 2147483647;
			files = (
				878689594342A86DB1E298E9 /* speeds_v3.sqlite in Resources */,
				A9CD097291558EA2F59DA0D8 /* speeds_v4.sqlite in Resources */,
			);
			runOnlyForDeploymentPostprocessing = 0;
		};
/* End PBXResourcesBuildPhase section */

/* Begin PBXSourcesBuildPhase section */
		9CDD076D821987C8D704F332 /* Sources */ = {
			isa = PBXSourcesBuildPhase;
			buildActionMask = 2147483647;
			files = (
				90E6AA8C6EAA235DF5279794 /* BackgroundDownloadCenter.swift in Sources */,
				8F6CA29E60F49D9477F26E88 /* ConsumerModels.swift in Sources */,
				F3CE32AE6AF26C94C7E0239E /* ContentView.swift in Sources */,
				B5530C9955E710BAEA5A27DD /* DriveSessionViewModel.swift in Sources */,
				F5FB0BA9CF92051C17E8285A /* SpeedConsumerApp.swift in Sources */,
				260CAE5EB44878D86FBB618F /* SpeedConsumerAppDelegate.swift in Sources */,
				35E914FB03BBE6F83A65936F /* V3BundleManager.swift in Sources */,
				48A333119998BC7A7EE86F1B /* V3SpeedLimitService.swift in Sources */,
			);
			runOnlyForDeploymentPostprocessing = 0;
		};
		C8A65BCC3EA0829CC96A487C /* Sources */ = {
			isa = PBXSourcesBuildPhase;
			buildActionMask = 2147483647;
			files = (
				197A06403B8311B89F11D4D6 /* SpeedConsumerTests.swift in Sources */,
			);
			runOnlyForDeploymentPostprocessing = 0;
		};
		CF19E61DD4F93682419B9B9A /* Sources */ = {
			isa = PBXSourcesBuildPhase;
			buildActionMask = 2147483647;
			files = (
				548B98D7421B783B3A752FFA /* SpeedDBBenchUITests.swift in Sources */,
			);
			runOnlyForDeploymentPostprocessing = 0;
		};
		E306782292B9C992FD3462A9 /* Sources */ = {
			isa = PBXSourcesBuildPhase;
			buildActionMask = 2147483647;
			files = (
				1F69E46C3D85B97143F1A3FF /* AssetStore.swift in Sources */,
				C3883B48011E83773BC9DE9C /* BenchmarkModels.swift in Sources */,
				0B40049C2440D677338FE301 /* ContentView.swift in Sources */,
				DB637F1F956128BA7B69264C /* SQLiteBenchmarkRunner.swift in Sources */,
				7006E9AACC2D0E6939BEB8F9 /* SpeedDBBenchApp.swift in Sources */,
			);
			runOnlyForDeploymentPostprocessing = 0;
		};
		EB4906AAA8AAA5C6F7C659BE /* Sources */ = {
			isa = PBXSourcesBuildPhase;
			buildActionMask = 2147483647;
			files = (
				83D2D9CBFC7A54D8A7C7DC9B /* SpeedDBBenchTests.swift in Sources */,
			);
			runOnlyForDeploymentPostprocessing = 0;
		};
/* End PBXSourcesBuildPhase section */

/* Begin PBXTargetDependency section */
		0264296DFCF2CD80878BB6C1 /* PBXTargetDependency */ = {
			isa = PBXTargetDependency;
			target = 66DD0F1FD88DC5377112DF40 /* SpeedDBBench */;
			targetProxy = 6885830C0A007760D5066E30 /* PBXContainerItemProxy */;
		};
		2CF1C8547C2D6CEDCFE211D5 /* PBXTargetDependency */ = {
			isa = PBXTargetDependency;
			target = 66DD0F1FD88DC5377112DF40 /* SpeedDBBench */;
			targetProxy = 6A9E8B5EFD402C8E1E3FAAED /* PBXContainerItemProxy */;
		};
		8E96064FD444CB98BA146A10 /* PBXTargetDependency */ = {
			isa = PBXTargetDependency;
			target = D578EAD00603963ADC4656D4 /* SpeedConsumer */;
			targetProxy = 45D9B23C7AE04B1C24431C95 /* PBXContainerItemProxy */;
		};
/* End PBXTargetDependency section */

/* Begin XCBuildConfiguration section */
		0FF08A056E18C8330B0AAD52 /* Release */ = {
			isa = XCBuildConfiguration;
			buildSettings = {
				BUNDLE_LOADER = "$(TEST_HOST)";
				CODE_SIGN_IDENTITY = "iPhone Developer";
				CODE_SIGN_STYLE = Automatic;
				DEVELOPMENT_TEAM = F4CT29PZS5;
				GENERATE_INFOPLIST_FILE = YES;
				LD_RUNPATH_SEARCH_PATHS = (
					"$(inherited)",
					"@executable_path/Frameworks",
					"@loader_path/Frameworks",
				);
				PRODUCT_BUNDLE_IDENTIFIER = de.youspeed.SpeedConsumerTests;
				SDKROOT = iphoneos;
				TARGETED_DEVICE_FAMILY = "1,2";
				TEST_HOST = "$(BUILT_PRODUCTS_DIR)/SpeedConsumer.app/SpeedConsumer";
			};
			name = Release;
		};
		1E831E30A72B330B1D7E7B68 /* Release */ = {
			isa = XCBuildConfiguration;
			buildSettings = {
				ASSETCATALOG_COMPILER_APPICON_NAME = AppIcon;
				CODE_SIGN_IDENTITY = "iPhone Developer";
				CODE_SIGN_STYLE = Automatic;
				GENERATE_INFOPLIST_FILE = YES;
				INFOPLIST_KEY_CFBundleDisplayName = SpeedDBBench;
				INFOPLIST_KEY_UIApplicationSceneManifest_Generation = YES;
				INFOPLIST_KEY_UIApplicationSupportsIndirectInputEvents = YES;
				INFOPLIST_KEY_UILaunchScreen_Generation = YES;
				INFOPLIST_KEY_UISupportedInterfaceOrientations_iPad = "UIInterfaceOrientationPortrait UIInterfaceOrientationPortraitUpsideDown UIInterfaceOrientationLandscapeLeft UIInterfaceOrientationLandscapeRight";
				INFOPLIST_KEY_UISupportedInterfaceOrientations_iPhone = UIInterfaceOrientationPortrait;
				LD_RUNPATH_SEARCH_PATHS = (
					"$(inherited)",
					"@executable_path/Frameworks",
				);
				OTHER_LDFLAGS = (
					"$(inherited)",
					"-lsqlite3",
				);
				PRODUCT_BUNDLE_IDENTIFIER = de.youspeed.SpeedDBBench;
				PRODUCT_NAME = SpeedDBBench;
				SDKROOT = iphoneos;
				TARGETED_DEVICE_FAMILY = "1,2";
			};
			name = Release;
		};
		2A963C9F40D6DE4301CEDA7F /* Release */ = {
			isa = XCBuildConfiguration;
			buildSettings = {
				BUNDLE_LOADER = "$(TEST_HOST)";
				CODE_SIGN_STYLE = Automatic;
				GENERATE_INFOPLIST_FILE = YES;
				LD_RUNPATH_SEARCH_PATHS = (
					"$(inherited)",
					"@executable_path/Frameworks",
					"@loader_path/Frameworks",
				);
				PRODUCT_BUNDLE_IDENTIFIER = de.youspeed.SpeedDBBenchTests;
				SDKROOT = iphoneos;
				TARGETED_DEVICE_FAMILY = "1,2";
				TEST_HOST = "$(BUILT_PRODUCTS_DIR)/SpeedDBBench.app/SpeedDBBench";
			};
			name = Release;
		};
		31895F4F6A8493F3860AE3DB /* Release */ = {
			isa = XCBuildConfiguration;
			buildSettings = {
				ALWAYS_SEARCH_USER_PATHS = NO;
				CLANG_ANALYZER_NONNULL = YES;
				CLANG_ANALYZER_NUMBER_OBJECT_CONVERSION = YES_AGGRESSIVE;
				CLANG_CXX_LANGUAGE_STANDARD = "gnu++14";
				CLANG_CXX_LIBRARY = "libc++";
				CLANG_ENABLE_MODULES = YES;
				CLANG_ENABLE_OBJC_ARC = YES;
				CLANG_ENABLE_OBJC_WEAK = YES;
				CLANG_WARN_BLOCK_CAPTURE_AUTORELEASING = YES;
				CLANG_WARN_BOOL_CONVERSION = YES;
				CLANG_WARN_COMMA = YES;
				CLANG_WARN_CONSTANT_CONVERSION = YES;
				CLANG_WARN_DEPRECATED_OBJC_IMPLEMENTATIONS = YES;
				CLANG_WARN_DIRECT_OBJC_ISA_USAGE = YES_ERROR;
				CLANG_WARN_DOCUMENTATION_COMMENTS = YES;
				CLANG_WARN_EMPTY_BODY = YES;
				CLANG_WARN_ENUM_CONVERSION = YES;
				CLANG_WARN_INFINITE_RECURSION = YES;
				CLANG_WARN_INT_CONVERSION = YES;
				CLANG_WARN_NON_LITERAL_NULL_CONVERSION = YES;
				CLANG_WARN_OBJC_IMPLICIT_RETAIN_SELF = YES;
				CLANG_WARN_OBJC_LITERAL_CONVERSION = YES;
				CLANG_WARN_OBJC_ROOT_CLASS = YES_ERROR;
				CLANG_WARN_QUOTED_INCLUDE_IN_FRAMEWORK_HEADER = YES;
				CLANG_WARN_RANGE_LOOP_ANALYSIS = YES;
				CLANG_WARN_STRICT_PROTOTYPES = YES;
				CLANG_WARN_SUSPICIOUS_MOVE = YES;
				CLANG_WARN_UNGUARDED_AVAILABILITY = YES_AGGRESSIVE;
				CLANG_WARN_UNREACHABLE_CODE = YES;
				CLANG_WARN__DUPLICATE_METHOD_MATCH = YES;
				COPY_PHASE_STRIP = NO;
				CURRENT_PROJECT_VERSION = 1;
				DEBUG_INFORMATION_FORMAT = "dwarf-with-dsym";
				DEVELOPMENT_TEAM = F4CT29PZS5;
				ENABLE_NS_ASSERTIONS = NO;
				ENABLE_STRICT_OBJC_MSGSEND = YES;
				GCC_C_LANGUAGE_STANDARD = gnu11;
				GCC_NO_COMMON_BLOCKS = YES;
				GCC_WARN_64_TO_32_BIT_CONVERSION = YES;
				GCC_WARN_ABOUT_RETURN_TYPE = YES_ERROR;
				GCC_WARN_UNDECLARED_SELECTOR = YES;
				GCC_WARN_UNINITIALIZED_AUTOS = YES_AGGRESSIVE;
				GCC_WARN_UNUSED_FUNCTION = YES;
				GCC_WARN_UNUSED_VARIABLE = YES;
				IPHONEOS_DEPLOYMENT_TARGET = 17.0;
				MARKETING_VERSION = 0.1.0;
				MTL_ENABLE_DEBUG_INFO = NO;
				MTL_FAST_MATH = YES;
				PRODUCT_NAME = "$(TARGET_NAME)";
				SDKROOT = iphoneos;
				SWIFT_COMPILATION_MODE = wholemodule;
				SWIFT_OPTIMIZATION_LEVEL = "-O";
				SWIFT_VERSION = 5.10;
			};
			name = Release;
		};
		536642FB79A98E57C6EC9620 /* Debug */ = {
			isa = XCBuildConfiguration;
			buildSettings = {
				BUNDLE_LOADER = "$(TEST_HOST)";
				CODE_SIGN_STYLE = Automatic;
				GENERATE_INFOPLIST_FILE = YES;
				LD_RUNPATH_SEARCH_PATHS = (
					"$(inherited)",
					"@executable_path/Frameworks",
					"@loader_path/Frameworks",
				);
				PRODUCT_BUNDLE_IDENTIFIER = de.youspeed.SpeedDBBenchTests;
				SDKROOT = iphoneos;
				TARGETED_DEVICE_FAMILY = "1,2";
				TEST_HOST = "$(BUILT_PRODUCTS_DIR)/SpeedDBBench.app/SpeedDBBench";
			};
			name = Debug;
		};
		80549C120E9FDD2595FF7121 /* Debug */ = {
			isa = XCBuildConfiguration;
			buildSettings = {
				BUNDLE_LOADER = "$(TEST_HOST)";
				CODE_SIGN_IDENTITY = "iPhone Developer";
				CODE_SIGN_STYLE = Automatic;
				DEVELOPMENT_TEAM = F4CT29PZS5;
				GENERATE_INFOPLIST_FILE = YES;
				LD_RUNPATH_SEARCH_PATHS = (
					"$(inherited)",
					"@executable_path/Frameworks",
					"@loader_path/Frameworks",
				);
				PRODUCT_BUNDLE_IDENTIFIER = de.youspeed.SpeedConsumerTests;
				SDKROOT = iphoneos;
				TARGETED_DEVICE_FAMILY = "1,2";
				TEST_HOST = "$(BUILT_PRODUCTS_DIR)/SpeedConsumer.app/SpeedConsumer";
			};
			name = Debug;
		};
		9EC66FCC51ACC91A7EAB4C47 /* Debug */ = {
			isa = XCBuildConfiguration;
			buildSettings = {
				ASSETCATALOG_COMPILER_APPICON_NAME = AppIcon;
				CODE_SIGN_IDENTITY = "iPhone Developer";
				CODE_SIGN_STYLE = Automatic;
				GENERATE_INFOPLIST_FILE = YES;
				INFOPLIST_KEY_CFBundleDisplayName = SpeedDBBench;
				INFOPLIST_KEY_UIApplicationSceneManifest_Generation = YES;
				INFOPLIST_KEY_UIApplicationSupportsIndirectInputEvents = YES;
				INFOPLIST_KEY_UILaunchScreen_Generation = YES;
				INFOPLIST_KEY_UISupportedInterfaceOrientations_iPad = "UIInterfaceOrientationPortrait UIInterfaceOrientationPortraitUpsideDown UIInterfaceOrientationLandscapeLeft UIInterfaceOrientationLandscapeRight";
				INFOPLIST_KEY_UISupportedInterfaceOrientations_iPhone = UIInterfaceOrientationPortrait;
				LD_RUNPATH_SEARCH_PATHS = (
					"$(inherited)",
					"@executable_path/Frameworks",
				);
				OTHER_LDFLAGS = (
					"$(inherited)",
					"-lsqlite3",
				);
				PRODUCT_BUNDLE_IDENTIFIER = de.youspeed.SpeedDBBench;
				PRODUCT_NAME = SpeedDBBench;
				SDKROOT = iphoneos;
				TARGETED_DEVICE_FAMILY = "1,2";
			};
			name = Debug;
		};
		A6B4490BC5CCC65E3AB5319B /* Release */ = {
			isa = XCBuildConfiguration;
			buildSettings = {
				BUNDLE_LOADER = "$(TEST_HOST)";
				CODE_SIGN_STYLE = Automatic;
				GENERATE_INFOPLIST_FILE = YES;
				LD_RUNPATH_SEARCH_PATHS = (
					"$(inherited)",
					"@executable_path/Frameworks",
					"@loader_path/Frameworks",
				);
				PRODUCT_BUNDLE_IDENTIFIER = de.youspeed.SpeedDBBenchUITests;
				SDKROOT = iphoneos;
				TARGETED_DEVICE_FAMILY = "1,2";
				TEST_TARGET_NAME = SpeedDBBench;
			};
			name = Release;
		};
		C3B216081F1A16B1F2FF928A /* Debug */ = {
			isa = XCBuildConfiguration;
			buildSettings = {
				ALWAYS_SEARCH_USER_PATHS = NO;
				CLANG_ANALYZER_NONNULL = YES;
				CLANG_ANALYZER_NUMBER_OBJECT_CONVERSION = YES_AGGRESSIVE;
				CLANG_CXX_LANGUAGE_STANDARD = "gnu++14";
				CLANG_CXX_LIBRARY = "libc++";
				CLANG_ENABLE_MODULES = YES;
				CLANG_ENABLE_OBJC_ARC = YES;
				CLANG_ENABLE_OBJC_WEAK = YES;
				CLANG_WARN_BLOCK_CAPTURE_AUTORELEASING = YES;
				CLANG_WARN_BOOL_CONVERSION = YES;
				CLANG_WARN_COMMA = YES;
				CLANG_WARN_CONSTANT_CONVERSION = YES;
				CLANG_WARN_DEPRECATED_OBJC_IMPLEMENTATIONS = YES;
				CLANG_WARN_DIRECT_OBJC_ISA_USAGE = YES_ERROR;
				CLANG_WARN_DOCUMENTATION_COMMENTS = YES;
				CLANG_WARN_EMPTY_BODY = YES;
				CLANG_WARN_ENUM_CONVERSION = YES;
				CLANG_WARN_INFINITE_RECURSION = YES;
				CLANG_WARN_INT_CONVERSION = YES;
				CLANG_WARN_NON_LITERAL_NULL_CONVERSION = YES;
				CLANG_WARN_OBJC_IMPLICIT_RETAIN_SELF = YES;
				CLANG_WARN_OBJC_LITERAL_CONVERSION = YES;
				CLANG_WARN_OBJC_ROOT_CLASS = YES_ERROR;
				CLANG_WARN_QUOTED_INCLUDE_IN_FRAMEWORK_HEADER = YES;
				CLANG_WARN_RANGE_LOOP_ANALYSIS = YES;
				CLANG_WARN_STRICT_PROTOTYPES = YES;
				CLANG_WARN_SUSPICIOUS_MOVE = YES;
				CLANG_WARN_UNGUARDED_AVAILABILITY = YES_AGGRESSIVE;
				CLANG_WARN_UNREACHABLE_CODE = YES;
				CLANG_WARN__DUPLICATE_METHOD_MATCH = YES;
				COPY_PHASE_STRIP = NO;
				CURRENT_PROJECT_VERSION = 1;
				DEBUG_INFORMATION_FORMAT = dwarf;
				DEVELOPMENT_TEAM = F4CT29PZS5;
				ENABLE_STRICT_OBJC_MSGSEND = YES;
				ENABLE_TESTABILITY = YES;
				GCC_C_LANGUAGE_STANDARD = gnu11;
				GCC_DYNAMIC_NO_PIC = NO;
				GCC_NO_COMMON_BLOCKS = YES;
				GCC_OPTIMIZATION_LEVEL = 0;
				GCC_PREPROCESSOR_DEFINITIONS = (
					"$(inherited)",
					"DEBUG=1",
				);
				GCC_WARN_64_TO_32_BIT_CONVERSION = YES;
				GCC_WARN_ABOUT_RETURN_TYPE = YES_ERROR;
				GCC_WARN_UNDECLARED_SELECTOR = YES;
				GCC_WARN_UNINITIALIZED_AUTOS = YES_AGGRESSIVE;
				GCC_WARN_UNUSED_FUNCTION = YES;
				GCC_WARN_UNUSED_VARIABLE = YES;
				IPHONEOS_DEPLOYMENT_TARGET = 17.0;
				MARKETING_VERSION = 0.1.0;
				MTL_ENABLE_DEBUG_INFO = INCLUDE_SOURCE;
				MTL_FAST_MATH = YES;
				ONLY_ACTIVE_ARCH = YES;
				PRODUCT_NAME = "$(TARGET_NAME)";
				SDKROOT = iphoneos;
				SWIFT_ACTIVE_COMPILATION_CONDITIONS = DEBUG;
				SWIFT_OPTIMIZATION_LEVEL = "-Onone";
				SWIFT_VERSION = 5.10;
			};
			name = Debug;
		};
		E26589034D9E161825CD6B84 /* Debug */ = {
			isa = XCBuildConfiguration;
			buildSettings = {
				BUNDLE_LOADER = "$(TEST_HOST)";
				CODE_SIGN_STYLE = Automatic;
				GENERATE_INFOPLIST_FILE = YES;
				LD_RUNPATH_SEARCH_PATHS = (
					"$(inherited)",
					"@executable_path/Frameworks",
					"@loader_path/Frameworks",
				);
				PRODUCT_BUNDLE_IDENTIFIER = de.youspeed.SpeedDBBenchUITests;
				SDKROOT = iphoneos;
				TARGETED_DEVICE_FAMILY = "1,2";
				TEST_TARGET_NAME = SpeedDBBench;
			};
			name = Debug;
		};
		E4F57FD9E892FDD90ACA43BA /* Release */ = {
			isa = XCBuildConfiguration;
			buildSettings = {
				ASSETCATALOG_COMPILER_APPICON_NAME = AppIcon;
				CODE_SIGN_IDENTITY = "iPhone Developer";
				CODE_SIGN_STYLE = Automatic;
				DEVELOPMENT_TEAM = F4CT29PZS5;
				GENERATE_INFOPLIST_FILE = NO;
				INFOPLIST_FILE = SpeedConsumerApp/Info.plist;
				LD_RUNPATH_SEARCH_PATHS = (
					"$(inherited)",
					"@executable_path/Frameworks",
				);
				OTHER_LDFLAGS = (
					"$(inherited)",
					"-lsqlite3",
				);
				PRODUCT_BUNDLE_IDENTIFIER = de.youspeed.SpeedConsumer;
				PRODUCT_NAME = SpeedConsumer;
				SDKROOT = iphoneos;
				TARGETED_DEVICE_FAMILY = "1,2";
			};
			name = Release;
		};
		E793BC15B362D2883A084B3F /* Debug */ = {
			isa = XCBuildConfiguration;
			buildSettings = {
				ASSETCATALOG_COMPILER_APPICON_NAME = AppIcon;
				CODE_SIGN_IDENTITY = "iPhone Developer";
				CODE_SIGN_STYLE = Automatic;
				DEVELOPMENT_TEAM = F4CT29PZS5;
				GENERATE_INFOPLIST_FILE = NO;
				INFOPLIST_FILE = SpeedConsumerApp/Info.plist;
				LD_RUNPATH_SEARCH_PATHS = (
					"$(inherited)",
					"@executable_path/Frameworks",
				);
				OTHER_LDFLAGS = (
					"$(inherited)",
					"-lsqlite3",
				);
				PRODUCT_BUNDLE_IDENTIFIER = de.youspeed.SpeedConsumer;
				PRODUCT_NAME = SpeedConsumer;
				SDKROOT = iphoneos;
				TARGETED_DEVICE_FAMILY = "1,2";
			};
			name = Debug;
		};
/* End XCBuildConfiguration section */

/* Begin XCConfigurationList section */
		165A7CDA3E5BB62FC294EDBD /* Build configuration list for PBXNativeTarget "SpeedDBBenchTests" */ = {
			isa = XCConfigurationList;
			buildConfigurations = (
				536642FB79A98E57C6EC9620 /* Debug */,
				2A963C9F40D6DE4301CEDA7F /* Release */,
			);
			defaultConfigurationIsVisible = 0;
			defaultConfigurationName = Debug;
		};
		19CFBE68E9697E1F8FB8DDE8 /* Build configuration list for PBXNativeTarget "SpeedConsumerTests" */ = {
			isa = XCConfigurationList;
			buildConfigurations = (
				80549C120E9FDD2595FF7121 /* Debug */,
				0FF08A056E18C8330B0AAD52 /* Release */,
			);
			defaultConfigurationIsVisible = 0;
			defaultConfigurationName = Debug;
		};
		308A5A11BD473EE85D1DA36A /* Build configuration list for PBXNativeTarget "SpeedDBBench" */ = {
			isa = XCConfigurationList;
			buildConfigurations = (
				9EC66FCC51ACC91A7EAB4C47 /* Debug */,
				1E831E30A72B330B1D7E7B68 /* Release */,
			);
			defaultConfigurationIsVisible = 0;
			defaultConfigurationName = Debug;
		};
		3A7AC18D607C4D044195A90A /* Build configuration list for PBXNativeTarget "SpeedConsumer" */ = {
			isa = XCConfigurationList;
			buildConfigurations = (
				E793BC15B362D2883A084B3F /* Debug */,
				E4F57FD9E892FDD90ACA43BA /* Release */,
			);
			defaultConfigurationIsVisible = 0;
			defaultConfigurationName = Debug;
		};
		5BA19020944F077C3AF5DD70 /* Build configuration list for PBXNativeTarget "SpeedDBBenchUITests" */ = {
			isa = XCConfigurationList;
			buildConfigurations = (
				E26589034D9E161825CD6B84 /* Debug */,
				A6B4490BC5CCC65E3AB5319B /* Release */,
			);
			defaultConfigurationIsVisible = 0;
			defaultConfigurationName = Debug;
		};
		84FB42613A1540C5F99D4F4B /* Build configuration list for PBXProject "SpeedDBBench" */ = {
			isa = XCConfigurationList;
			buildConfigurations = (
				C3B216081F1A16B1F2FF928A /* Debug */,
				31895F4F6A8493F3860AE3DB /* Release */,
			);
			defaultConfigurationIsVisible = 0;
			defaultConfigurationName = Debug;
		};
/* End XCConfigurationList section */
	};
	rootObject = 15731F4FC38E207B32918BE3 /* Project object */;
}
